
Microsoft Visual Studio Solution File, Format Version 12.00
# Visual Studio Version 17
VisualStudioVersion = 17.8.34511.84
MinimumVisualStudioVersion = 10.0.40219.1
Project("{FAE04EC0-301F-11D3-BF4B-00C04F79EFBC}") = "Group15_iCLOTHINGApp", "Group15_iCLOTHINGApp\Group15_iCLOTHINGApp.csproj", "{6D300D5C-8878-42E3-A107-679BAC07E957}"
EndProject
Global
	GlobalSection(SolutionConfigurationPlatforms) = preSolution
		Debug|Any CPU = Debug|Any CPU
		Release|Any CPU = Release|Any CPU
	EndGlobalSection
	GlobalSection(ProjectConfigurationPlatforms) = postSolution
		{6D300D5C-8878-42E3-A107-679BAC07E957}.Debug|Any CPU.ActiveCfg = Debug|Any CPU
		{6D300D5C-8878-42E3-A107-679BAC07E957}.Debug|Any CPU.Build.0 = Debug|Any CPU
		{6D300D5C-8878-42E3-A107-679BAC07E957}.Release|Any CPU.ActiveCfg = Release|Any CPU
		{6D300D5C-8878-42E3-A107-679BAC07E957}.Release|Any CPU.Build.0 = Release|Any CPU
	EndGlobalSection
	GlobalSection(SolutionProperties) = preSolution
		HideSolutionNode = FALSE
	EndGlobalSection
	GlobalSection(ExtensibilityGlobals) = postSolution
		SolutionGuid = {E965B46E-2BBE-4372-969D-55E190090E0B}
	EndGlobalSection
EndGlobal
